// !$*UTF8*$!
{
	archiveVersion = 1;
	classes = {
	};
	objectVersion = 46;
	objects = {

/* Begin PBXBuildFile section */
		7F593321134E51DC006D90A5 /* SUP101AppDelegate_iPad.m in Sources */ = {isa = PBXBuildFile; fileRef = 7F593320134E51DC006D90A5 /* SUP101AppDelegate_iPad.m */; };
		7F76CCF1134D1CEC00E922DF /* UIKit.framework in Frameworks */ = {isa = PBXBuildFile; fileRef = 7F76CCF0134D1CEC00E922DF /* UIKit.framework */; };
		7F76CCF3134D1CEC00E922DF /* Foundation.framework in Frameworks */ = {isa = PBXBuildFile; fileRef = 7F76CCF2134D1CEC00E922DF /* Foundation.framework */; };
		7F76CCF5134D1CEC00E922DF /* CoreGraphics.framework in Frameworks */ = {isa = PBXBuildFile; fileRef = 7F76CCF4134D1CEC00E922DF /* CoreGraphics.framework */; };
		7F76CCFB134D1CEC00E922DF /* InfoPlist.strings in Resources */ = {isa = PBXBuildFile; fileRef = 7F76CCF9134D1CEC00E922DF /* InfoPlist.strings */; };
		7F76CCFE134D1CEC00E922DF /* main.m in Sources */ = {isa = PBXBuildFile; fileRef = 7F76CCFD134D1CEC00E922DF /* main.m */; };
		7F76CD05134D1CEC00E922DF /* SUP101AppDelegate_iPhone.m in Sources */ = {isa = PBXBuildFile; fileRef = 7F76CD04134D1CEC00E922DF /* SUP101AppDelegate_iPhone.m */; };
		7F83F9A8134D247100F85094 /* AddressBook.framework in Frameworks */ = {isa = PBXBuildFile; fileRef = 7F83F9A1134D247100F85094 /* AddressBook.framework */; };
		7F83F9A9134D247100F85094 /* CoreFoundation.framework in Frameworks */ = {isa = PBXBuildFile; fileRef = 7F83F9A2134D247100F85094 /* CoreFoundation.framework */; };
		7F83F9AA134D247100F85094 /* libicucore.A.dylib in Frameworks */ = {isa = PBXBuildFile; fileRef = 7F83F9A3134D247100F85094 /* libicucore.A.dylib */; };
		7F83F9AD134D247100F85094 /* QuartzCore.framework in Frameworks */ = {isa = PBXBuildFile; fileRef = 7F83F9A6134D247100F85094 /* QuartzCore.framework */; };
		7F83F9AE134D247100F85094 /* Security.framework in Frameworks */ = {isa = PBXBuildFile; fileRef = 7F83F9A7134D247100F85094 /* Security.framework */; };
		91AAE145146DAB4A00400BA8 /* Settings.bundle in Resources */ = {isa = PBXBuildFile; fileRef = 91AAE144146DAB4A00400BA8 /* Settings.bundle */; };
		91BF23D7146C35CA00A36FE8 /* libstdc++.dylib in Frameworks */ = {isa = PBXBuildFile; fileRef = 91BF23D6146C35CA00A36FE8 /* libstdc++.dylib */; };
		91BF23D9146C35DA00A36FE8 /* libz.1.2.5.dylib in Frameworks */ = {isa = PBXBuildFile; fileRef = 91BF23D8146C35DA00A36FE8 /* libz.1.2.5.dylib */; };
		91BF23DD146C35F300A36FE8 /* CFNetwork.framework in Frameworks */ = {isa = PBXBuildFile; fileRef = 91BF23DA146C35F300A36FE8 /* CFNetwork.framework */; };
		91BF23DE146C35F300A36FE8 /* MobileCoreServices.framework in Frameworks */ = {isa = PBXBuildFile; fileRef = 91BF23DB146C35F300A36FE8 /* MobileCoreServices.framework */; };
		91BF23DF146C35F300A36FE8 /* SystemConfiguration.framework in Frameworks */ = {isa = PBXBuildFile; fileRef = 91BF23DC146C35F300A36FE8 /* SystemConfiguration.framework */; };
		B329248D15784BA100173360 /* SUP101ChangeLogImplMetaData.m in Sources */ = {isa = PBXBuildFile; fileRef = B329246A15784BA100173360 /* SUP101ChangeLogImplMetaData.m */; };
		B329248E15784BA100173360 /* SUP101ChangeLogKeyMetaData.m in Sources */ = {isa = PBXBuildFile; fileRef = B329246B15784BA100173360 /* SUP101ChangeLogKeyMetaData.m */; };
		B329248F15784BA100173360 /* SUP101CustomerMetaData.m in Sources */ = {isa = PBXBuildFile; fileRef = B329246C15784BA100173360 /* SUP101CustomerMetaData.m */; };
		B329249015784BA100173360 /* SUP101KeyGeneratorMetaData.m in Sources */ = {isa = PBXBuildFile; fileRef = B329246D15784BA100173360 /* SUP101KeyGeneratorMetaData.m */; };
		B329249115784BA100173360 /* SUP101KeyGeneratorPKMetaData.m in Sources */ = {isa = PBXBuildFile; fileRef = B329246E15784BA100173360 /* SUP101KeyGeneratorPKMetaData.m */; };
		B329249215784BA100173360 /* SUP101KeyPackageNameMetaData.m in Sources */ = {isa = PBXBuildFile; fileRef = B329246F15784BA100173360 /* SUP101KeyPackageNameMetaData.m */; };
		B329249315784BA100173360 /* SUP101LocalKeyGeneratorMetaData.m in Sources */ = {isa = PBXBuildFile; fileRef = B329247015784BA100173360 /* SUP101LocalKeyGeneratorMetaData.m */; };
		B329249415784BA100173360 /* SUP101LocalKeyGeneratorPKMetaData.m in Sources */ = {isa = PBXBuildFile; fileRef = B329247115784BA100173360 /* SUP101LocalKeyGeneratorPKMetaData.m */; };
		B329249515784BA100173360 /* SUP101LogRecordImplMetaData.m in Sources */ = {isa = PBXBuildFile; fileRef = B329247215784BA100173360 /* SUP101LogRecordImplMetaData.m */; };
		B329249615784BA100173360 /* SUP101OfflineAuthenticationMetaData.m in Sources */ = {isa = PBXBuildFile; fileRef = B329247315784BA100173360 /* SUP101OfflineAuthenticationMetaData.m */; };
		B329249715784BA100173360 /* SUP101OperationReplayMetaData.m in Sources */ = {isa = PBXBuildFile; fileRef = B329247415784BA100173360 /* SUP101OperationReplayMetaData.m */; };
		B329249815784BA100173360 /* SUP101PackagePropertiesMetaData.m in Sources */ = {isa = PBXBuildFile; fileRef = B329247515784BA100173360 /* SUP101PackagePropertiesMetaData.m */; };
		B329249915784BA100173360 /* SUP101PersonalizationParametersMetaData.m in Sources */ = {isa = PBXBuildFile; fileRef = B329247615784BA100173360 /* SUP101PersonalizationParametersMetaData.m */; };
		B329249A15784BA100173360 /* SUP101Sales_orderMetaData.m in Sources */ = {isa = PBXBuildFile; fileRef = B329247715784BA100173360 /* SUP101Sales_orderMetaData.m */; };
		B329249B15784BA100173360 /* SUP101SISSubscriptionKeyMetaData.m in Sources */ = {isa = PBXBuildFile; fileRef = B329247815784BA100173360 /* SUP101SISSubscriptionKeyMetaData.m */; };
		B329249C15784BA100173360 /* SUP101SISSubscriptionMetaData.m in Sources */ = {isa = PBXBuildFile; fileRef = B329247915784BA100173360 /* SUP101SISSubscriptionMetaData.m */; };
		B329249D15784BA100173360 /* SUP101SUP101DBMetaData.m in Sources */ = {isa = PBXBuildFile; fileRef = B329247A15784BA100173360 /* SUP101SUP101DBMetaData.m */; };
		B329249E15784BA100173360 /* SUP101ChangeLogImpl.m in Sources */ = {isa = PBXBuildFile; fileRef = B329247B15784BA100173360 /* SUP101ChangeLogImpl.m */; };
		B329249F15784BA100173360 /* SUP101ChangeLogKey.m in Sources */ = {isa = PBXBuildFile; fileRef = B329247C15784BA100173360 /* SUP101ChangeLogKey.m */; };
		B32924A015784BA100173360 /* SUP101Customer.m in Sources */ = {isa = PBXBuildFile; fileRef = B329247D15784BA100173360 /* SUP101Customer.m */; };
		B32924A115784BA100173360 /* SUP101KeyGenerator.m in Sources */ = {isa = PBXBuildFile; fileRef = B329247E15784BA100173360 /* SUP101KeyGenerator.m */; };
		B32924A215784BA100173360 /* SUP101KeyGeneratorPK.m in Sources */ = {isa = PBXBuildFile; fileRef = B329247F15784BA100173360 /* SUP101KeyGeneratorPK.m */; };
		B32924A315784BA100173360 /* SUP101KeyPackageName.m in Sources */ = {isa = PBXBuildFile; fileRef = B329248015784BA100173360 /* SUP101KeyPackageName.m */; };
		B32924A415784BA100173360 /* SUP101LocalKeyGenerator.m in Sources */ = {isa = PBXBuildFile; fileRef = B329248115784BA100173360 /* SUP101LocalKeyGenerator.m */; };
		B32924A515784BA100173360 /* SUP101LocalKeyGeneratorPK.m in Sources */ = {isa = PBXBuildFile; fileRef = B329248215784BA100173360 /* SUP101LocalKeyGeneratorPK.m */; };
		B32924A615784BA100173360 /* SUP101LoggerImpl.m in Sources */ = {isa = PBXBuildFile; fileRef = B329248315784BA100173360 /* SUP101LoggerImpl.m */; };
		B32924A715784BA100173360 /* SUP101LogRecordImpl.m in Sources */ = {isa = PBXBuildFile; fileRef = B329248415784BA100173360 /* SUP101LogRecordImpl.m */; };
		B32924A815784BA100173360 /* SUP101OfflineAuthentication.m in Sources */ = {isa = PBXBuildFile; fileRef = B329248515784BA100173360 /* SUP101OfflineAuthentication.m */; };
		B32924A915784BA100173360 /* SUP101OperationReplay.m in Sources */ = {isa = PBXBuildFile; fileRef = B329248615784BA100173360 /* SUP101OperationReplay.m */; };
		B32924AA15784BA100173360 /* SUP101PackageProperties.m in Sources */ = {isa = PBXBuildFile; fileRef = B329248715784BA100173360 /* SUP101PackageProperties.m */; };
		B32924AB15784BA100173360 /* SUP101PersonalizationParameters.m in Sources */ = {isa = PBXBuildFile; fileRef = B329248815784BA100173360 /* SUP101PersonalizationParameters.m */; };
		B32924AC15784BA100173360 /* SUP101Sales_order.m in Sources */ = {isa = PBXBuildFile; fileRef = B329248915784BA100173360 /* SUP101Sales_order.m */; };
		B32924AD15784BA100173360 /* SUP101SISSubscription.m in Sources */ = {isa = PBXBuildFile; fileRef = B329248A15784BA100173360 /* SUP101SISSubscription.m */; };
		B32924AE15784BA100173360 /* SUP101SISSubscriptionKey.m in Sources */ = {isa = PBXBuildFile; fileRef = B329248B15784BA100173360 /* SUP101SISSubscriptionKey.m */; };
		B32924AF15784BA100173360 /* SUP101SUP101DB.m in Sources */ = {isa = PBXBuildFile; fileRef = B329248C15784BA100173360 /* SUP101SUP101DB.m */; };
		B32924B715784BBE00173360 /* libAfariaSLL.a in Frameworks */ = {isa = PBXBuildFile; fileRef = B32924B015784BBE00173360 /* libAfariaSLL.a */; };
		B32924B815784BBE00173360 /* libclientrt.a in Frameworks */ = {isa = PBXBuildFile; fileRef = B32924B115784BBE00173360 /* libclientrt.a */; };
		B32924B915784BBE00173360 /* libDatavault.a in Frameworks */ = {isa = PBXBuildFile; fileRef = B32924B215784BBE00173360 /* libDatavault.a */; };
		B32924BA15784BBE00173360 /* libMO.a in Frameworks */ = {isa = PBXBuildFile; fileRef = B32924B315784BBE00173360 /* libMO.a */; };
		B32924BB15784BBE00173360 /* libsupcore.a in Frameworks */ = {isa = PBXBuildFile; fileRef = B32924B415784BBE00173360 /* libsupcore.a */; };
		B32924BC15784BBE00173360 /* libSUPObj.a in Frameworks */ = {isa = PBXBuildFile; fileRef = B32924B515784BBE00173360 /* libSUPObj.a */; };
		B32924BD15784BBE00173360 /* libsupUltralite.a in Frameworks */ = {isa = PBXBuildFile; fileRef = B32924B615784BBE00173360 /* libsupUltralite.a */; };
		B32924C015784DC900173360 /* CallbackHandler.m in Sources */ = {isa = PBXBuildFile; fileRef = B32924BF15784DC900173360 /* CallbackHandler.m */; };
		B32924C315784E6900173360 /* CustomerListController.m in Sources */ = {isa = PBXBuildFile; fileRef = B32924C215784E6800173360 /* CustomerListController.m */; };
		B32924C915784E9F00173360 /* SubscribeController.m in Sources */ = {isa = PBXBuildFile; fileRef = B32924C815784E9F00173360 /* SubscribeController.m */; };
		B32924D015784F0200173360 /* DetailController.m in Sources */ = {isa = PBXBuildFile; fileRef = B32924CE15784F0200173360 /* DetailController.m */; };
		B32924D415784F2800173360 /* MenuListController.m in Sources */ = {isa = PBXBuildFile; fileRef = B32924D215784F2800173360 /* MenuListController.m */; };
		B32924D81578504400173360 /* SUP101AppDelegate.m in Sources */ = {isa = PBXBuildFile; fileRef = B32924D71578504400173360 /* SUP101AppDelegate.m */; };
		B34340F41579417D0088477E /* DetailController.xib in Resources */ = {isa = PBXBuildFile; fileRef = B34340F01579417D0088477E /* DetailController.xib */; };
		B34340F51579417D0088477E /* CustomerListController.xib in Resources */ = {isa = PBXBuildFile; fileRef = B34340F11579417D0088477E /* CustomerListController.xib */; };
		B34340F61579417D0088477E /* MenuListController.xib in Resources */ = {isa = PBXBuildFile; fileRef = B34340F21579417D0088477E /* MenuListController.xib */; };
		B34340F71579417D0088477E /* SubscribeController.xib in Resources */ = {isa = PBXBuildFile; fileRef = B34340F31579417D0088477E /* SubscribeController.xib */; };
		B343414615794A440088477E /* MainWindow_iPhone.xib in Resources */ = {isa = PBXBuildFile; fileRef = B343414415794A440088477E /* MainWindow_iPhone.xib */; };
		B343414915794A530088477E /* MainWindow_iPad.xib in Resources */ = {isa = PBXBuildFile; fileRef = B343414715794A530088477E /* MainWindow_iPad.xib */; };
/* End PBXBuildFile section */

/* Begin PBXFileReference section */
		7F59331F134E51DC006D90A5 /* SUP101AppDelegate_iPad.h */ = {isa = PBXFileReference; fileEncoding = 4; lastKnownFileType = sourcecode.c.h; path = SUP101AppDelegate_iPad.h; sourceTree = "<group>"; };
		7F593320134E51DC006D90A5 /* SUP101AppDelegate_iPad.m */ = {isa = PBXFileReference; fileEncoding = 4; lastKnownFileType = sourcecode.c.objc; path = SUP101AppDelegate_iPad.m; sourceTree = "<group>"; };
		7F76CCEC134D1CEC00E922DF /* SUP101.app */ = {isa = PBXFileReference; explicitFileType = wrapper.application; includeInIndex = 0; path = SUP101.app; sourceTree = BUILT_PRODUCTS_DIR; };
		7F76CCF0134D1CEC00E922DF /* UIKit.framework */ = {isa = PBXFileReference; lastKnownFileType = wrapper.framework; name = UIKit.framework; path = System/Library/Frameworks/UIKit.framework; sourceTree = SDKROOT; };
		7F76CCF2134D1CEC00E922DF /* Foundation.framework */ = {isa = PBXFileReference; lastKnownFileType = wrapper.framework; name = Foundation.framework; path = System/Library/Frameworks/Foundation.framework; sourceTree = SDKROOT; };
		7F76CCF4134D1CEC00E922DF /* CoreGraphics.framework */ = {isa = PBXFileReference; lastKnownFileType = wrapper.framework; name = CoreGraphics.framework; path = System/Library/Frameworks/CoreGraphics.framework; sourceTree = SDKROOT; };
		7F76CCF8134D1CEC00E922DF /* SUP101-Info.plist */ = {isa = PBXFileReference; lastKnownFileType = text.plist.xml; path = "SUP101-Info.plist"; sourceTree = "<group>"; };
		7F76CCFA134D1CEC00E922DF /* en */ = {isa = PBXFileReference; lastKnownFileType = text.plist.strings; name = en; path = en.lproj/InfoPlist.strings; sourceTree = "<group>"; };
		7F76CCFC134D1CEC00E922DF /* SUP101-Prefix.pch */ = {isa = PBXFileReference; lastKnownFileType = sourcecode.c.h; path = "SUP101-Prefix.pch"; sourceTree = "<group>"; };
		7F76CCFD134D1CEC00E922DF /* main.m */ = {isa = PBXFileReference; lastKnownFileType = sourcecode.c.objc; path = main.m; sourceTree = "<group>"; };
		7F76CD03134D1CEC00E922DF /* SUP101AppDelegate_iPhone.h */ = {isa = PBXFileReference; lastKnownFileType = sourcecode.c.h; name = SUP101AppDelegate_iPhone.h; path = iPhone/SUP101AppDelegate_iPhone.h; sourceTree = "<group>"; };
		7F76CD04134D1CEC00E922DF /* SUP101AppDelegate_iPhone.m */ = {isa = PBXFileReference; lastKnownFileType = sourcecode.c.objc; name = SUP101AppDelegate_iPhone.m; path = iPhone/SUP101AppDelegate_iPhone.m; sourceTree = "<group>"; };
		7F83F9A1134D247100F85094 /* AddressBook.framework */ = {isa = PBXFileReference; lastKnownFileType = wrapper.framework; name = AddressBook.framework; path = System/Library/Frameworks/AddressBook.framework; sourceTree = SDKROOT; };
		7F83F9A2134D247100F85094 /* CoreFoundation.framework */ = {isa = PBXFileReference; lastKnownFileType = wrapper.framework; name = CoreFoundation.framework; path = System/Library/Frameworks/CoreFoundation.framework; sourceTree = SDKROOT; };
		7F83F9A3134D247100F85094 /* libicucore.A.dylib */ = {isa = PBXFileReference; lastKnownFileType = "compiled.mach-o.dylib"; name = libicucore.A.dylib; path = usr/lib/libicucore.A.dylib; sourceTree = SDKROOT; };
		7F83F9A5134D247100F85094 /* libz.dylib */ = {isa = PBXFileReference; lastKnownFileType = "compiled.mach-o.dylib"; name = libz.dylib; path = usr/lib/libz.dylib; sourceTree = SDKROOT; };
		7F83F9A6134D247100F85094 /* QuartzCore.framework */ = {isa = PBXFileReference; lastKnownFileType = wrapper.framework; name = QuartzCore.framework; path = System/Library/Frameworks/QuartzCore.framework; sourceTree = SDKROOT; };
		7F83F9A7134D247100F85094 /* Security.framework */ = {isa = PBXFileReference; lastKnownFileType = wrapper.framework; name = Security.framework; path = System/Library/Frameworks/Security.framework; sourceTree = SDKROOT; };
		91AAE144146DAB4A00400BA8 /* Settings.bundle */ = {isa = PBXFileReference; lastKnownFileType = "wrapper.plug-in"; path = Settings.bundle; sourceTree = "<group>"; };
		91BF23D6146C35CA00A36FE8 /* libstdc++.dylib */ = {isa = PBXFileReference; lastKnownFileType = "compiled.mach-o.dylib"; name = "libstdc++.dylib"; path = "usr/lib/libstdc++.dylib"; sourceTree = SDKROOT; };
		91BF23D8146C35DA00A36FE8 /* libz.1.2.5.dylib */ = {isa = PBXFileReference; lastKnownFileType = "compiled.mach-o.dylib"; name = libz.1.2.5.dylib; path = usr/lib/libz.1.2.5.dylib; sourceTree = SDKROOT; };
		91BF23DA146C35F300A36FE8 /* CFNetwork.framework */ = {isa = PBXFileReference; lastKnownFileType = wrapper.framework; name = CFNetwork.framework; path = System/Library/Frameworks/CFNetwork.framework; sourceTree = SDKROOT; };
		91BF23DB146C35F300A36FE8 /* MobileCoreServices.framework */ = {isa = PBXFileReference; lastKnownFileType = wrapper.framework; name = MobileCoreServices.framework; path = System/Library/Frameworks/MobileCoreServices.framework; sourceTree = SDKROOT; };
		91BF23DC146C35F300A36FE8 /* SystemConfiguration.framework */ = {isa = PBXFileReference; lastKnownFileType = wrapper.framework; name = SystemConfiguration.framework; path = System/Library/Frameworks/SystemConfiguration.framework; sourceTree = SDKROOT; };
		B329244415784BA100173360 /* SUP101ChangeLogImplMetaData.h */ = {isa = PBXFileReference; fileEncoding = 4; lastKnownFileType = sourcecode.c.h; path = SUP101ChangeLogImplMetaData.h; sourceTree = "<group>"; };
		B329244515784BA100173360 /* SUP101ChangeLogKeyMetaData.h */ = {isa = PBXFileReference; fileEncoding = 4; lastKnownFileType = sourcecode.c.h; path = SUP101ChangeLogKeyMetaData.h; sourceTree = "<group>"; };
		B329244615784BA100173360 /* SUP101CustomerMetaData.h */ = {isa = PBXFileReference; fileEncoding = 4; lastKnownFileType = sourcecode.c.h; path = SUP101CustomerMetaData.h; sourceTree = "<group>"; };
		B329244715784BA100173360 /* SUP101KeyGeneratorMetaData.h */ = {isa = PBXFileReference; fileEncoding = 4; lastKnownFileType = sourcecode.c.h; path = SUP101KeyGeneratorMetaData.h; sourceTree = "<group>"; };
		B329244815784BA100173360 /* SUP101KeyGeneratorPKMetaData.h */ = {isa = PBXFileReference; fileEncoding = 4; lastKnownFileType = sourcecode.c.h; path = SUP101KeyGeneratorPKMetaData.h; sourceTree = "<group>"; };
		B329244915784BA100173360 /* SUP101KeyPackageNameMetaData.h */ = {isa = PBXFileReference; fileEncoding = 4; lastKnownFileType = sourcecode.c.h; path = SUP101KeyPackageNameMetaData.h; sourceTree = "<group>"; };
		B329244A15784BA100173360 /* SUP101LocalKeyGeneratorMetaData.h */ = {isa = PBXFileReference; fileEncoding = 4; lastKnownFileType = sourcecode.c.h; path = SUP101LocalKeyGeneratorMetaData.h; sourceTree = "<group>"; };
		B329244B15784BA100173360 /* SUP101LocalKeyGeneratorPKMetaData.h */ = {isa = PBXFileReference; fileEncoding = 4; lastKnownFileType = sourcecode.c.h; path = SUP101LocalKeyGeneratorPKMetaData.h; sourceTree = "<group>"; };
		B329244C15784BA100173360 /* SUP101LogRecordImplMetaData.h */ = {isa = PBXFileReference; fileEncoding = 4; lastKnownFileType = sourcecode.c.h; path = SUP101LogRecordImplMetaData.h; sourceTree = "<group>"; };
		B329244D15784BA100173360 /* SUP101OfflineAuthenticationMetaData.h */ = {isa = PBXFileReference; fileEncoding = 4; lastKnownFileType = sourcecode.c.h; path = SUP101OfflineAuthenticationMetaData.h; sourceTree = "<group>"; };
		B329244E15784BA100173360 /* SUP101OperationReplayMetaData.h */ = {isa = PBXFileReference; fileEncoding = 4; lastKnownFileType = sourcecode.c.h; path = SUP101OperationReplayMetaData.h; sourceTree = "<group>"; };
		B329244F15784BA100173360 /* SUP101PackagePropertiesMetaData.h */ = {isa = PBXFileReference; fileEncoding = 4; lastKnownFileType = sourcecode.c.h; path = SUP101PackagePropertiesMetaData.h; sourceTree = "<group>"; };
		B329245015784BA100173360 /* SUP101PersonalizationParametersMetaData.h */ = {isa = PBXFileReference; fileEncoding = 4; lastKnownFileType = sourcecode.c.h; path = SUP101PersonalizationParametersMetaData.h; sourceTree = "<group>"; };
		B329245115784BA100173360 /* SUP101Sales_orderMetaData.h */ = {isa = PBXFileReference; fileEncoding = 4; lastKnownFileType = sourcecode.c.h; path = SUP101Sales_orderMetaData.h; sourceTree = "<group>"; };
		B329245215784BA100173360 /* SUP101SISSubscriptionKeyMetaData.h */ = {isa = PBXFileReference; fileEncoding = 4; lastKnownFileType = sourcecode.c.h; path = SUP101SISSubscriptionKeyMetaData.h; sourceTree = "<group>"; };
		B329245315784BA100173360 /* SUP101SISSubscriptionMetaData.h */ = {isa = PBXFileReference; fileEncoding = 4; lastKnownFileType = sourcecode.c.h; path = SUP101SISSubscriptionMetaData.h; sourceTree = "<group>"; };
		B329245415784BA100173360 /* SUP101SUP101DBMetaData.h */ = {isa = PBXFileReference; fileEncoding = 4; lastKnownFileType = sourcecode.c.h; path = SUP101SUP101DBMetaData.h; sourceTree = "<group>"; };
		B329245515784BA100173360 /* SUP101ChangeLogImpl.h */ = {isa = PBXFileReference; fileEncoding = 4; lastKnownFileType = sourcecode.c.h; path = SUP101ChangeLogImpl.h; sourceTree = "<group>"; };
		B329245615784BA100173360 /* SUP101ChangeLogKey.h */ = {isa = PBXFileReference; fileEncoding = 4; lastKnownFileType = sourcecode.c.h; path = SUP101ChangeLogKey.h; sourceTree = "<group>"; };
		B329245715784BA100173360 /* SUP101Customer.h */ = {isa = PBXFileReference; fileEncoding = 4; lastKnownFileType = sourcecode.c.h; path = SUP101Customer.h; sourceTree = "<group>"; };
		B329245815784BA100173360 /* SUP101KeyGenerator.h */ = {isa = PBXFileReference; fileEncoding = 4; lastKnownFileType = sourcecode.c.h; path = SUP101KeyGenerator.h; sourceTree = "<group>"; };
		B329245915784BA100173360 /* SUP101KeyGeneratorPK.h */ = {isa = PBXFileReference; fileEncoding = 4; lastKnownFileType = sourcecode.c.h; path = SUP101KeyGeneratorPK.h; sourceTree = "<group>"; };
		B329245A15784BA100173360 /* SUP101KeyPackageName.h */ = {isa = PBXFileReference; fileEncoding = 4; lastKnownFileType = sourcecode.c.h; path = SUP101KeyPackageName.h; sourceTree = "<group>"; };
		B329245B15784BA100173360 /* SUP101LocalKeyGenerator.h */ = {isa = PBXFileReference; fileEncoding = 4; lastKnownFileType = sourcecode.c.h; path = SUP101LocalKeyGenerator.h; sourceTree = "<group>"; };
		B329245C15784BA100173360 /* SUP101LocalKeyGeneratorPK.h */ = {isa = PBXFileReference; fileEncoding = 4; lastKnownFileType = sourcecode.c.h; path = SUP101LocalKeyGeneratorPK.h; sourceTree = "<group>"; };
		B329245D15784BA100173360 /* SUP101LoggerImpl.h */ = {isa = PBXFileReference; fileEncoding = 4; lastKnownFileType = sourcecode.c.h; path = SUP101LoggerImpl.h; sourceTree = "<group>"; };
		B329245E15784BA100173360 /* SUP101LogRecordImpl.h */ = {isa = PBXFileReference; fileEncoding = 4; lastKnownFileType = sourcecode.c.h; path = SUP101LogRecordImpl.h; sourceTree = "<group>"; };
		B329245F15784BA100173360 /* SUP101OfflineAuthentication.h */ = {isa = PBXFileReference; fileEncoding = 4; lastKnownFileType = sourcecode.c.h; path = SUP101OfflineAuthentication.h; sourceTree = "<group>"; };
		B329246015784BA100173360 /* SUP101OperationReplay.h */ = {isa = PBXFileReference; fileEncoding = 4; lastKnownFileType = sourcecode.c.h; path = SUP101OperationReplay.h; sourceTree = "<group>"; };
		B329246115784BA100173360 /* SUP101PackageProperties.h */ = {isa = PBXFileReference; fileEncoding = 4; lastKnownFileType = sourcecode.c.h; path = SUP101PackageProperties.h; sourceTree = "<group>"; };
		B329246215784BA100173360 /* SUP101PersonalizationParameters.h */ = {isa = PBXFileReference; fileEncoding = 4; lastKnownFileType = sourcecode.c.h; path = SUP101PersonalizationParameters.h; sourceTree = "<group>"; };
		B329246315784BA100173360 /* SUP101Sales_order.h */ = {isa = PBXFileReference; fileEncoding = 4; lastKnownFileType = sourcecode.c.h; path = SUP101Sales_order.h; sourceTree = "<group>"; };
		B329246415784BA100173360 /* SUP101SISSubscription.h */ = {isa = PBXFileReference; fileEncoding = 4; lastKnownFileType = sourcecode.c.h; path = SUP101SISSubscription.h; sourceTree = "<group>"; };
		B329246515784BA100173360 /* SUP101SISSubscriptionKey.h */ = {isa = PBXFileReference; fileEncoding = 4; lastKnownFileType = sourcecode.c.h; path = SUP101SISSubscriptionKey.h; sourceTree = "<group>"; };
		B329246615784BA100173360 /* SUP101SUP101DB.h */ = {isa = PBXFileReference; fileEncoding = 4; lastKnownFileType = sourcecode.c.h; path = SUP101SUP101DB.h; sourceTree = "<group>"; };
		B329246A15784BA100173360 /* SUP101ChangeLogImplMetaData.m */ = {isa = PBXFileReference; fileEncoding = 4; lastKnownFileType = sourcecode.c.objc; path = SUP101ChangeLogImplMetaData.m; sourceTree = "<group>"; };
		B329246B15784BA100173360 /* SUP101ChangeLogKeyMetaData.m */ = {isa = PBXFileReference; fileEncoding = 4; lastKnownFileType = sourcecode.c.objc; path = SUP101ChangeLogKeyMetaData.m; sourceTree = "<group>"; };
		B329246C15784BA100173360 /* SUP101CustomerMetaData.m */ = {isa = PBXFileReference; fileEncoding = 4; lastKnownFileType = sourcecode.c.objc; path = SUP101CustomerMetaData.m; sourceTree = "<group>"; };
		B329246D15784BA100173360 /* SUP101KeyGeneratorMetaData.m */ = {isa = PBXFileReference; fileEncoding = 4; lastKnownFileType = sourcecode.c.objc; path = SUP101KeyGeneratorMetaData.m; sourceTree = "<group>"; };
		B329246E15784BA100173360 /* SUP101KeyGeneratorPKMetaData.m */ = {isa = PBXFileReference; fileEncoding = 4; lastKnownFileType = sourcecode.c.objc; path = SUP101KeyGeneratorPKMetaData.m; sourceTree = "<group>"; };
		B329246F15784BA100173360 /* SUP101KeyPackageNameMetaData.m */ = {isa = PBXFileReference; fileEncoding = 4; lastKnownFileType = sourcecode.c.objc; path = SUP101KeyPackageNameMetaData.m; sourceTree = "<group>"; };
		B329247015784BA100173360 /* SUP101LocalKeyGeneratorMetaData.m */ = {isa = PBXFileReference; fileEncoding = 4; lastKnownFileType = sourcecode.c.objc; path = SUP101LocalKeyGeneratorMetaData.m; sourceTree = "<group>"; };
		B329247115784BA100173360 /* SUP101LocalKeyGeneratorPKMetaData.m */ = {isa = PBXFileReference; fileEncoding = 4; lastKnownFileType = sourcecode.c.objc; path = SUP101LocalKeyGeneratorPKMetaData.m; sourceTree = "<group>"; };
		B329247215784BA100173360 /* SUP101LogRecordImplMetaData.m */ = {isa = PBXFileReference; fileEncoding = 4; lastKnownFileType = sourcecode.c.objc; path = SUP101LogRecordImplMetaData.m; sourceTree = "<group>"; };
		B329247315784BA100173360 /* SUP101OfflineAuthenticationMetaData.m */ = {isa = PBXFileReference; fileEncoding = 4; lastKnownFileType = sourcecode.c.objc; path = SUP101OfflineAuthenticationMetaData.m; sourceTree = "<group>"; };
		B329247415784BA100173360 /* SUP101OperationReplayMetaData.m */ = {isa = PBXFileReference; fileEncoding = 4; lastKnownFileType = sourcecode.c.objc; path = SUP101OperationReplayMetaData.m; sourceTree = "<group>"; };
		B329247515784BA100173360 /* SUP101PackagePropertiesMetaData.m */ = {isa = PBXFileReference; fileEncoding = 4; lastKnownFileType = sourcecode.c.objc; path = SUP101PackagePropertiesMetaData.m; sourceTree = "<group>"; };
		B329247615784BA100173360 /* SUP101PersonalizationParametersMetaData.m */ = {isa = PBXFileReference; fileEncoding = 4; lastKnownFileType = sourcecode.c.objc; path = SUP101PersonalizationParametersMetaData.m; sourceTree = "<group>"; };
		B329247715784BA100173360 /* SUP101Sales_orderMetaData.m */ = {isa = PBXFileReference; fileEncoding = 4; lastKnownFileType = sourcecode.c.objc; path = SUP101Sales_orderMetaData.m; sourceTree = "<group>"; };
		B329247815784BA100173360 /* SUP101SISSubscriptionKeyMetaData.m */ = {isa = PBXFileReference; fileEncoding = 4; lastKnownFileType = sourcecode.c.objc; path = SUP101SISSubscriptionKeyMetaData.m; sourceTree = "<group>"; };
		B329247915784BA100173360 /* SUP101SISSubscriptionMetaData.m */ = {isa = PBXFileReference; fileEncoding = 4; lastKnownFileType = sourcecode.c.objc; path = SUP101SISSubscriptionMetaData.m; sourceTree = "<group>"; };
		B329247A15784BA100173360 /* SUP101SUP101DBMetaData.m */ = {isa = PBXFileReference; fileEncoding = 4; lastKnownFileType = sourcecode.c.objc; path = SUP101SUP101DBMetaData.m; sourceTree = "<group>"; };
		B329247B15784BA100173360 /* SUP101ChangeLogImpl.m */ = {isa = PBXFileReference; fileEncoding = 4; lastKnownFileType = sourcecode.c.objc; path = SUP101ChangeLogImpl.m; sourceTree = "<group>"; };
		B329247C15784BA100173360 /* SUP101ChangeLogKey.m */ = {isa = PBXFileReference; fileEncoding = 4; lastKnownFileType = sourcecode.c.objc; path = SUP101ChangeLogKey.m; sourceTree = "<group>"; };
		B329247D15784BA100173360 /* SUP101Customer.m */ = {isa = PBXFileReference; fileEncoding = 4; lastKnownFileType = sourcecode.c.objc; path = SUP101Customer.m; sourceTree = "<group>"; };
		B329247E15784BA100173360 /* SUP101KeyGenerator.m */ = {isa = PBXFileReference; fileEncoding = 4; lastKnownFileType = sourcecode.c.objc; path = SUP101KeyGenerator.m; sourceTree = "<group>"; };
		B329247F15784BA100173360 /* SUP101KeyGeneratorPK.m */ = {isa = PBXFileReference; fileEncoding = 4; lastKnownFileType = sourcecode.c.objc; path = SUP101KeyGeneratorPK.m; sourceTree = "<group>"; };
		B329248015784BA100173360 /* SUP101KeyPackageName.m */ = {isa = PBXFileReference; fileEncoding = 4; lastKnownFileType = sourcecode.c.objc; path = SUP101KeyPackageName.m; sourceTree = "<group>"; };
		B329248115784BA100173360 /* SUP101LocalKeyGenerator.m */ = {isa = PBXFileReference; fileEncoding = 4; lastKnownFileType = sourcecode.c.objc; path = SUP101LocalKeyGenerator.m; sourceTree = "<group>"; };
		B329248215784BA100173360 /* SUP101LocalKeyGeneratorPK.m */ = {isa = PBXFileReference; fileEncoding = 4; lastKnownFileType = sourcecode.c.objc; path = SUP101LocalKeyGeneratorPK.m; sourceTree = "<group>"; };
		B329248315784BA100173360 /* SUP101LoggerImpl.m */ = {isa = PBXFileReference; fileEncoding = 4; lastKnownFileType = sourcecode.c.objc; path = SUP101LoggerImpl.m; sourceTree = "<group>"; };
		B329248415784BA100173360 /* SUP101LogRecordImpl.m */ = {isa = PBXFileReference; fileEncoding = 4; lastKnownFileType = sourcecode.c.objc; path = SUP101LogRecordImpl.m; sourceTree = "<group>"; };
		B329248515784BA100173360 /* SUP101OfflineAuthentication.m */ = {isa = PBXFileReference; fileEncoding = 4; lastKnownFileType = sourcecode.c.objc; path = SUP101OfflineAuthentication.m; sourceTree = "<group>"; };
		B329248615784BA100173360 /* SUP101OperationReplay.m */ = {isa = PBXFileReference; fileEncoding = 4; lastKnownFileType = sourcecode.c.objc; path = SUP101OperationReplay.m; sourceTree = "<group>"; };
		B329248715784BA100173360 /* SUP101PackageProperties.m */ = {isa = PBXFileReference; fileEncoding = 4; lastKnownFileType = sourcecode.c.objc; path = SUP101PackageProperties.m; sourceTree = "<group>"; };
		B329248815784BA100173360 /* SUP101PersonalizationParameters.m */ = {isa = PBXFileReference; fileEncoding = 4; lastKnownFileType = sourcecode.c.objc; path = SUP101PersonalizationParameters.m; sourceTree = "<group>"; };
		B329248915784BA100173360 /* SUP101Sales_order.m */ = {isa = PBXFileReference; fileEncoding = 4; lastKnownFileType = sourcecode.c.objc; path = SUP101Sales_order.m; sourceTree = "<group>"; };
		B329248A15784BA100173360 /* SUP101SISSubscription.m */ = {isa = PBXFileReference; fileEncoding = 4; lastKnownFileType = sourcecode.c.objc; path = SUP101SISSubscription.m; sourceTree = "<group>"; };
		B329248B15784BA100173360 /* SUP101SISSubscriptionKey.m */ = {isa = PBXFileReference; fileEncoding = 4; lastKnownFileType = sourcecode.c.objc; path = SUP101SISSubscriptionKey.m; sourceTree = "<group>"; };
		B329248C15784BA100173360 /* SUP101SUP101DB.m */ = {isa = PBXFileReference; fileEncoding = 4; lastKnownFileType = sourcecode.c.objc; path = SUP101SUP101DB.m; sourceTree = "<group>"; };
		B32924B015784BBE00173360 /* libAfariaSLL.a */ = {isa = PBXFileReference; lastKnownFileType = archive.ar; name = libAfariaSLL.a; path = "iOS/RBS/Libraries/Debug-iphonesimulator/libAfariaSLL.a"; sourceTree = "<group>"; };
		B32924B115784BBE00173360 /* libclientrt.a */ = {isa = PBXFileReference; lastKnownFileType = archive.ar; name = libclientrt.a; path = "iOS/RBS/Libraries/Debug-iphonesimulator/libclientrt.a"; sourceTree = "<group>"; };
		B32924B215784BBE00173360 /* libDatavault.a */ = {isa = PBXFileReference; lastKnownFileType = archive.ar; name = libDatavault.a; path = "iOS/RBS/Libraries/Debug-iphonesimulator/libDatavault.a"; sourceTree = "<group>"; };
		B32924B315784BBE00173360 /* libMO.a */ = {isa = PBXFileReference; lastKnownFileType = archive.ar; name = libMO.a; path = "iOS/RBS/Libraries/Debug-iphonesimulator/libMO.a"; sourceTree = "<group>"; };
		B32924B415784BBE00173360 /* libsupcore.a */ = {isa = PBXFileReference; lastKnownFileType = archive.ar; name = libsupcore.a; path = "iOS/RBS/Libraries/Debug-iphonesimulator/libsupcore.a"; sourceTree = "<group>"; };
		B32924B515784BBE00173360 /* libSUPObj.a */ = {isa = PBXFileReference; lastKnownFileType = archive.ar; name = libSUPObj.a; path = "iOS/RBS/Libraries/Debug-iphonesimulator/libSUPObj.a"; sourceTree = "<group>"; };
		B32924B615784BBE00173360 /* libsupUltralite.a */ = {isa = PBXFileReference; lastKnownFileType = archive.ar; name = libsupUltralite.a; path = "iOS/RBS/Libraries/Debug-iphonesimulator/libsupUltralite.a"; sourceTree = "<group>"; };
		B32924BE15784DC900173360 /* CallbackHandler.h */ = {isa = PBXFileReference; fileEncoding = 4; lastKnownFileType = sourcecode.c.h; name = CallbackHandler.h; path = Classes/CallbackHandler.h; sourceTree = "<group>"; };
		B32924BF15784DC900173360 /* CallbackHandler.m */ = {isa = PBXFileReference; fileEncoding = 4; lastKnownFileType = sourcecode.c.objc; name = CallbackHandler.m; path = Classes/CallbackHandler.m; sourceTree = "<group>"; };
		B32924C115784E6800173360 /* CustomerListController.h */ = {isa = PBXFileReference; fileEncoding = 4; lastKnownFileType = sourcecode.c.h; name = CustomerListController.h; path = Classes/CustomerListController.h; sourceTree = "<group>"; };
		B32924C215784E6800173360 /* CustomerListController.m */ = {isa = PBXFileReference; fileEncoding = 4; lastKnownFileType = sourcecode.c.objc; name = CustomerListController.m; path = Classes/CustomerListController.m; sourceTree = "<group>"; };
		B32924C715784E9F00173360 /* SubscribeController.h */ = {isa = PBXFileReference; fileEncoding = 4; lastKnownFileType = sourcecode.c.h; name = SubscribeController.h; path = Classes/SubscribeController.h; sourceTree = "<group>"; };
		B32924C815784E9F00173360 /* SubscribeController.m */ = {isa = PBXFileReference; fileEncoding = 4; lastKnownFileType = sourcecode.c.objc; name = SubscribeController.m; path = Classes/SubscribeController.m; sourceTree = "<group>"; };
		B32924CD15784F0200173360 /* DetailController.h */ = {isa = PBXFileReference; fileEncoding = 4; lastKnownFileType = sourcecode.c.h; name = DetailController.h; path = Classes/DetailController.h; sourceTree = "<group>"; };
		B32924CE15784F0200173360 /* DetailController.m */ = {isa = PBXFileReference; fileEncoding = 4; lastKnownFileType = sourcecode.c.objc; name = DetailController.m; path = Classes/DetailController.m; sourceTree = "<group>"; };
		B32924D115784F2800173360 /* MenuListController.h */ = {isa = PBXFileReference; fileEncoding = 4; lastKnownFileType = sourcecode.c.h; name = MenuListController.h; path = Classes/MenuListController.h; sourceTree = "<group>"; };
		B32924D215784F2800173360 /* MenuListController.m */ = {isa = PBXFileReference; fileEncoding = 4; lastKnownFileType = sourcecode.c.objc; name = MenuListController.m; path = Classes/MenuListController.m; sourceTree = "<group>"; };
		B32924D61578504400173360 /* SUP101AppDelegate.h */ = {isa = PBXFileReference; fileEncoding = 4; lastKnownFileType = sourcecode.c.h; name = SUP101AppDelegate.h; path = Classes/SUP101AppDelegate.h; sourceTree = "<group>"; };
		B32924D71578504400173360 /* SUP101AppDelegate.m */ = {isa = PBXFileReference; fileEncoding = 4; lastKnownFileType = sourcecode.c.objc; name = SUP101AppDelegate.m; path = Classes/SUP101AppDelegate.m; sourceTree = "<group>"; };
		B34340F01579417D0088477E /* DetailController.xib */ = {isa = PBXFileReference; fileEncoding = 4; lastKnownFileType = file.xib; path = DetailController.xib; sourceTree = "<group>"; };
		B34340F11579417D0088477E /* CustomerListController.xib */ = {isa = PBXFileReference; fileEncoding = 4; lastKnownFileType = file.xib; path = CustomerListController.xib; sourceTree = "<group>"; };
		B34340F21579417D0088477E /* MenuListController.xib */ = {isa = PBXFileReference; fileEncoding = 4; lastKnownFileType = file.xib; path = MenuListController.xib; sourceTree = "<group>"; };
		B34340F31579417D0088477E /* SubscribeController.xib */ = {isa = PBXFileReference; fileEncoding = 4; lastKnownFileType = file.xib; path = SubscribeController.xib; sourceTree = "<group>"; };
		B343414515794A440088477E /* en */ = {isa = PBXFileReference; lastKnownFileType = file.xib; name = en; path = iPhone/en.lproj/MainWindow_iPhone.xib; sourceTree = "<group>"; };
		B343414815794A530088477E /* en */ = {isa = PBXFileReference; lastKnownFileType = file.xib; name = en; path = en.lproj/MainWindow_iPad.xib; sourceTree = "<group>"; };
/* End PBXFileReference section */

/* Begin PBXFrameworksBuildPhase section */
		7F76CCE9134D1CEC00E922DF /* Frameworks */ = {
			isa = PBXFrameworksBuildPhase;
			buildActionMask = 2147483647;
			files = (
				91BF23DD146C35F300A36FE8 /* CFNetwork.framework in Frameworks */,
				91BF23DE146C35F300A36FE8 /* MobileCoreServices.framework in Frameworks */,
				91BF23DF146C35F300A36FE8 /* SystemConfiguration.framework in Frameworks */,
				7F83F9A8134D247100F85094 /* AddressBook.framework in Frameworks */,
				7F83F9A9134D247100F85094 /* CoreFoundation.framework in Frameworks */,
				7F83F9AA134D247100F85094 /* libicucore.A.dylib in Frameworks */,
				91BF23D7146C35CA00A36FE8 /* libstdc++.dylib in Frameworks */,
				91BF23D9146C35DA00A36FE8 /* libz.1.2.5.dylib in Frameworks */,
				7F83F9AD134D247100F85094 /* QuartzCore.framework in Frameworks */,
				7F83F9AE134D247100F85094 /* Security.framework in Frameworks */,
				7F76CCF1134D1CEC00E922DF /* UIKit.framework in Frameworks */,
				7F76CCF3134D1CEC00E922DF /* Foundation.framework in Frameworks */,
				7F76CCF5134D1CEC00E922DF /* CoreGraphics.framework in Frameworks */,
				B32924B715784BBE00173360 /* libAfariaSLL.a in Frameworks */,
				B32924B815784BBE00173360 /* libclientrt.a in Frameworks */,
				B32924B915784BBE00173360 /* libDatavault.a in Frameworks */,
				B32924BA15784BBE00173360 /* libMO.a in Frameworks */,
				B32924BB15784BBE00173360 /* libsupcore.a in Frameworks */,
				B32924BC15784BBE00173360 /* libSUPObj.a in Frameworks */,
				B32924BD15784BBE00173360 /* libsupUltralite.a in Frameworks */,
			);
			runOnlyForDeploymentPostprocessing = 0;
		};
/* End PBXFrameworksBuildPhase section */

/* Begin PBXGroup section */
		7F59331E134E51DC006D90A5 /* iPad */ = {
			isa = PBXGroup;
			children = (
				B343414715794A530088477E /* MainWindow_iPad.xib */,
				7F59331F134E51DC006D90A5 /* SUP101AppDelegate_iPad.h */,
				7F593320134E51DC006D90A5 /* SUP101AppDelegate_iPad.m */,
			);
			path = iPad;
			sourceTree = "<group>";
		};
		7F76CCE1134D1CEC00E922DF = {
			isa = PBXGroup;
			children = (
				B329244015784BA100173360 /* Generated Code */,
				7F76CCF6134D1CEC00E922DF /* SUP101 */,
				7F76CCEF134D1CEC00E922DF /* Frameworks */,
				7F76CCED134D1CEC00E922DF /* Products */,
			);
			sourceTree = "<group>";
		};
		7F76CCED134D1CEC00E922DF /* Products */ = {
			isa = PBXGroup;
			children = (
				7F76CCEC134D1CEC00E922DF /* SUP101.app */,
			);
			name = Products;
			sourceTree = "<group>";
		};
		7F76CCEF134D1CEC00E922DF /* Frameworks */ = {
			isa = PBXGroup;
			children = (
				B32924B015784BBE00173360 /* libAfariaSLL.a */,
				B32924B115784BBE00173360 /* libclientrt.a */,
				B32924B215784BBE00173360 /* libDatavault.a */,
				B32924B315784BBE00173360 /* libMO.a */,
				B32924B415784BBE00173360 /* libsupcore.a */,
				B32924B515784BBE00173360 /* libSUPObj.a */,
				B32924B615784BBE00173360 /* libsupUltralite.a */,
				91BF23DA146C35F300A36FE8 /* CFNetwork.framework */,
				91BF23DB146C35F300A36FE8 /* MobileCoreServices.framework */,
				91BF23DC146C35F300A36FE8 /* SystemConfiguration.framework */,
				91BF23D8146C35DA00A36FE8 /* libz.1.2.5.dylib */,
				91BF23D6146C35CA00A36FE8 /* libstdc++.dylib */,
				7F83F9A1134D247100F85094 /* AddressBook.framework */,
				7F83F9A2134D247100F85094 /* CoreFoundation.framework */,
				7F83F9A3134D247100F85094 /* libicucore.A.dylib */,
				7F83F9A5134D247100F85094 /* libz.dylib */,
				7F83F9A6134D247100F85094 /* QuartzCore.framework */,
				7F83F9A7134D247100F85094 /* Security.framework */,
				7F76CCF0134D1CEC00E922DF /* UIKit.framework */,
				7F76CCF2134D1CEC00E922DF /* Foundation.framework */,
				7F76CCF4134D1CEC00E922DF /* CoreGraphics.framework */,
			);
			name = Frameworks;
			sourceTree = "<group>";
		};
		7F76CCF6134D1CEC00E922DF /* SUP101 */ = {
			isa = PBXGroup;
			children = (
				B34340EF1579417D0088477E /* Resources */,
				B32924D61578504400173360 /* SUP101AppDelegate.h */,
				B32924D71578504400173360 /* SUP101AppDelegate.m */,
				B32924D115784F2800173360 /* MenuListController.h */,
				B32924D215784F2800173360 /* MenuListController.m */,
				B32924CD15784F0200173360 /* DetailController.h */,
				B32924CE15784F0200173360 /* DetailController.m */,
				B32924C715784E9F00173360 /* SubscribeController.h */,
				B32924C815784E9F00173360 /* SubscribeController.m */,
				B32924C115784E6800173360 /* CustomerListController.h */,
				B32924C215784E6800173360 /* CustomerListController.m */,
				B32924BE15784DC900173360 /* CallbackHandler.h */,
				B32924BF15784DC900173360 /* CallbackHandler.m */,
				7F59331E134E51DC006D90A5 /* iPad */,
				7F76CD02134D1CEC00E922DF /* iPhone */,
				7F76CCF7134D1CEC00E922DF /* Supporting Files */,
			);
			path = SUP101;
			sourceTree = "<group>";
		};
		7F76CCF7134D1CEC00E922DF /* Supporting Files */ = {
			isa = PBXGroup;
			children = (
				91AAE144146DAB4A00400BA8 /* Settings.bundle */,
				7F76CCF8134D1CEC00E922DF /* SUP101-Info.plist */,
				7F76CCF9134D1CEC00E922DF /* InfoPlist.strings */,
				7F76CCFC134D1CEC00E922DF /* SUP101-Prefix.pch */,
				7F76CCFD134D1CEC00E922DF /* main.m */,
			);
			name = "Supporting Files";
			sourceTree = "<group>";
		};
		7F76CD02134D1CEC00E922DF /* iPhone */ = {
			isa = PBXGroup;
			children = (
				B343414415794A440088477E /* MainWindow_iPhone.xib */,
				7F76CD03134D1CEC00E922DF /* SUP101AppDelegate_iPhone.h */,
				7F76CD04134D1CEC00E922DF /* SUP101AppDelegate_iPhone.m */,
			);
			name = iPhone;
			sourceTree = "<group>";
		};
		B329244015784BA100173360 /* Generated Code */ = {
			isa = PBXGroup;
			children = (
				B329244115784BA100173360 /* includes */,
				B329246715784BA100173360 /* src */,
			);
			path = "Generated Code";
			sourceTree = "<group>";
		};
		B329244115784BA100173360 /* includes */ = {
			isa = PBXGroup;
			children = (
				B329244215784BA100173360 /* SUP101 */,
			);
			path = includes;
			sourceTree = "<group>";
		};
		B329244215784BA100173360 /* SUP101 */ = {
			isa = PBXGroup;
			children = (
				B329244315784BA100173360 /* internal */,
				B329245515784BA100173360 /* SUP101ChangeLogImpl.h */,
				B329245615784BA100173360 /* SUP101ChangeLogKey.h */,
				B329245715784BA100173360 /* SUP101Customer.h */,
				B329245815784BA100173360 /* SUP101KeyGenerator.h */,
				B329245915784BA100173360 /* SUP101KeyGeneratorPK.h */,
				B329245A15784BA100173360 /* SUP101KeyPackageName.h */,
				B329245B15784BA100173360 /* SUP101LocalKeyGenerator.h */,
				B329245C15784BA100173360 /* SUP101LocalKeyGeneratorPK.h */,
				B329245D15784BA100173360 /* SUP101LoggerImpl.h */,
				B329245E15784BA100173360 /* SUP101LogRecordImpl.h */,
				B329245F15784BA100173360 /* SUP101OfflineAuthentication.h */,
				B329246015784BA100173360 /* SUP101OperationReplay.h */,
				B329246115784BA100173360 /* SUP101PackageProperties.h */,
				B329246215784BA100173360 /* SUP101PersonalizationParameters.h */,
				B329246315784BA100173360 /* SUP101Sales_order.h */,
				B329246415784BA100173360 /* SUP101SISSubscription.h */,
				B329246515784BA100173360 /* SUP101SISSubscriptionKey.h */,
				B329246615784BA100173360 /* SUP101SUP101DB.h */,
			);
			path = SUP101;
			sourceTree = "<group>";
		};
		B329244315784BA100173360 /* internal */ = {
			isa = PBXGroup;
			children = (
				B329244415784BA100173360 /* SUP101ChangeLogImplMetaData.h */,
				B329244515784BA100173360 /* SUP101ChangeLogKeyMetaData.h */,
				B329244615784BA100173360 /* SUP101CustomerMetaData.h */,
				B329244715784BA100173360 /* SUP101KeyGeneratorMetaData.h */,
				B329244815784BA100173360 /* SUP101KeyGeneratorPKMetaData.h */,
				B329244915784BA100173360 /* SUP101KeyPackageNameMetaData.h */,
				B329244A15784BA100173360 /* SUP101LocalKeyGeneratorMetaData.h */,
				B329244B15784BA100173360 /* SUP101LocalKeyGeneratorPKMetaData.h */,
				B329244C15784BA100173360 /* SUP101LogRecordImplMetaData.h */,
				B329244D15784BA100173360 /* SUP101OfflineAuthenticationMetaData.h */,
				B329244E15784BA100173360 /* SUP101OperationReplayMetaData.h */,
				B329244F15784BA100173360 /* SUP101PackagePropertiesMetaData.h */,
				B329245015784BA100173360 /* SUP101PersonalizationParametersMetaData.h */,
				B329245115784BA100173360 /* SUP101Sales_orderMetaData.h */,
				B329245215784BA100173360 /* SUP101SISSubscriptionKeyMetaData.h */,
				B329245315784BA100173360 /* SUP101SISSubscriptionMetaData.h */,
				B329245415784BA100173360 /* SUP101SUP101DBMetaData.h */,
			);
			path = internal;
			sourceTree = "<group>";
		};
		B329246715784BA100173360 /* src */ = {
			isa = PBXGroup;
			children = (
				B329246815784BA100173360 /* SUP101 */,
			);
			path = src;
			sourceTree = "<group>";
		};
		B329246815784BA100173360 /* SUP101 */ = {
			isa = PBXGroup;
			children = (
				B329246915784BA100173360 /* internal */,
				B329247B15784BA100173360 /* SUP101ChangeLogImpl.m */,
				B329247C15784BA100173360 /* SUP101ChangeLogKey.m */,
				B329247D15784BA100173360 /* SUP101Customer.m */,
				B329247E15784BA100173360 /* SUP101KeyGenerator.m */,
				B329247F15784BA100173360 /* SUP101KeyGeneratorPK.m */,
				B329248015784BA100173360 /* SUP101KeyPackageName.m */,
				B329248115784BA100173360 /* SUP101LocalKeyGenerator.m */,
				B329248215784BA100173360 /* SUP101LocalKeyGeneratorPK.m */,
				B329248315784BA100173360 /* SUP101LoggerImpl.m */,
				B329248415784BA100173360 /* SUP101LogRecordImpl.m */,
				B329248515784BA100173360 /* SUP101OfflineAuthentication.m */,
				B329248615784BA100173360 /* SUP101OperationReplay.m */,
				B329248715784BA100173360 /* SUP101PackageProperties.m */,
				B329248815784BA100173360 /* SUP101PersonalizationParameters.m */,
				B329248915784BA100173360 /* SUP101Sales_order.m */,
				B329248A15784BA100173360 /* SUP101SISSubscription.m */,
				B329248B15784BA100173360 /* SUP101SISSubscriptionKey.m */,
				B329248C15784BA100173360 /* SUP101SUP101DB.m */,
			);
			path = SUP101;
			sourceTree = "<group>";
		};
		B329246915784BA100173360 /* internal */ = {
			isa = PBXGroup;
			children = (
				B329246A15784BA100173360 /* SUP101ChangeLogImplMetaData.m */,
				B329246B15784BA100173360 /* SUP101ChangeLogKeyMetaData.m */,
				B329246C15784BA100173360 /* SUP101CustomerMetaData.m */,
				B329246D15784BA100173360 /* SUP101KeyGeneratorMetaData.m */,
				B329246E15784BA100173360 /* SUP101KeyGeneratorPKMetaData.m */,
				B329246F15784BA100173360 /* SUP101KeyPackageNameMetaData.m */,
				B329247015784BA100173360 /* SUP101LocalKeyGeneratorMetaData.m */,
				B329247115784BA100173360 /* SUP101LocalKeyGeneratorPKMetaData.m */,
				B329247215784BA100173360 /* SUP101LogRecordImplMetaData.m */,
				B329247315784BA100173360 /* SUP101OfflineAuthenticationMetaData.m */,
				B329247415784BA100173360 /* SUP101OperationReplayMetaData.m */,
				B329247515784BA100173360 /* SUP101PackagePropertiesMetaData.m */,
				B329247615784BA100173360 /* SUP101PersonalizationParametersMetaData.m */,
				B329247715784BA100173360 /* SUP101Sales_orderMetaData.m */,
				B329247815784BA100173360 /* SUP101SISSubscriptionKeyMetaData.m */,
				B329247915784BA100173360 /* SUP101SISSubscriptionMetaData.m */,
				B329247A15784BA100173360 /* SUP101SUP101DBMetaData.m */,
			);
			path = internal;
			sourceTree = "<group>";
		};
		B34340EF1579417D0088477E /* Resources */ = {
			isa = PBXGroup;
			children = (
				B34340F01579417D0088477E /* DetailController.xib */,
				B34340F11579417D0088477E /* CustomerListController.xib */,
				B34340F21579417D0088477E /* MenuListController.xib */,
				B34340F31579417D0088477E /* SubscribeController.xib */,
			);
			path = Resources;
			sourceTree = "<group>";
		};
/* End PBXGroup section */

/* Begin PBXNativeTarget section */
		7F76CCEB134D1CEC00E922DF /* SUP101 */ = {
			isa = PBXNativeTarget;
			buildConfigurationList = 7F76CD12134D1CED00E922DF /* Build configuration list for PBXNativeTarget "SUP101" */;
			buildPhases = (
				7F76CCE8134D1CEC00E922DF /* Sources */,
				7F76CCE9134D1CEC00E922DF /* Frameworks */,
				7F76CCEA134D1CEC00E922DF /* Resources */,
			);
			buildRules = (
			);
			dependencies = (
			);
			name = SUP101;
			productName = SUP101;
			productReference = 7F76CCEC134D1CEC00E922DF /* SUP101.app */;
			productType = "com.apple.product-type.application";
		};
/* End PBXNativeTarget section */

/* Begin PBXProject section */
		7F76CCE3134D1CEC00E922DF /* Project object */ = {
			isa = PBXProject;
			attributes = {
				LastUpgradeCheck = 0420;
				ORGANIZATIONNAME = Sybase;
			};
			buildConfigurationList = 7F76CCE6134D1CEC00E922DF /* Build configuration list for PBXProject "SUP101" */;
			compatibilityVersion = "Xcode 3.2";
			developmentRegion = English;
			hasScannedForEncodings = 0;
			knownRegions = (
				en,
			);
			mainGroup = 7F76CCE1134D1CEC00E922DF;
			productRefGroup = 7F76CCED134D1CEC00E922DF /* Products */;
			projectDirPath = "";
			projectRoot = "";
			targets = (
				7F76CCEB134D1CEC00E922DF /* SUP101 */,
			);
		};
/* End PBXProject section */

/* Begin PBXResourcesBuildPhase section */
		7F76CCEA134D1CEC00E922DF /* Resources */ = {
			isa = PBXResourcesBuildPhase;
			buildActionMask = 2147483647;
			files = (
				7F76CCFB134D1CEC00E922DF /* InfoPlist.strings in Resources */,
				91AAE145146DAB4A00400BA8 /* Settings.bundle in Resources */,
				B34340F41579417D0088477E /* DetailController.xib in Resources */,
				B34340F51579417D0088477E /* CustomerListController.xib in Resources */,
				B34340F61579417D0088477E /* MenuListController.xib in Resources */,
				B34340F71579417D0088477E /* SubscribeController.xib in Resources */,
				B343414615794A440088477E /* MainWindow_iPhone.xib in Resources */,
				B343414915794A530088477E /* MainWindow_iPad.xib in Resources */,
			);
			runOnlyForDeploymentPostprocessing = 0;
		};
/* End PBXResourcesBuildPhase section */

/* Begin PBXSourcesBuildPhase section */
		7F76CCE8134D1CEC00E922DF /* Sources */ = {
			isa = PBXSourcesBuildPhase;
			buildActionMask = 2147483647;
			files = (
				7F76CCFE134D1CEC00E922DF /* main.m in Sources */,
				7F76CD05134D1CEC00E922DF /* SUP101AppDelegate_iPhone.m in Sources */,
				7F593321134E51DC006D90A5 /* SUP101AppDelegate_iPad.m in Sources */,
				B329248D15784BA100173360 /* SUP101ChangeLogImplMetaData.m in Sources */,
				B329248E15784BA100173360 /* SUP101ChangeLogKeyMetaData.m in Sources */,
				B329248F15784BA100173360 /* SUP101CustomerMetaData.m in Sources */,
				B329249015784BA100173360 /* SUP101KeyGeneratorMetaData.m in Sources */,
				B329249115784BA100173360 /* SUP101KeyGeneratorPKMetaData.m in Sources */,
				B329249215784BA100173360 /* SUP101KeyPackageNameMetaData.m in Sources */,
				B329249315784BA100173360 /* SUP101LocalKeyGeneratorMetaData.m in Sources */,
				B329249415784BA100173360 /* SUP101LocalKeyGeneratorPKMetaData.m in Sources */,
				B329249515784BA100173360 /* SUP101LogRecordImplMetaData.m in Sources */,
				B329249615784BA100173360 /* SUP101OfflineAuthenticationMetaData.m in Sources */,
				B329249715784BA100173360 /* SUP101OperationReplayMetaData.m in Sources */,
				B329249815784BA100173360 /* SUP101PackagePropertiesMetaData.m in Sources */,
				B329249915784BA100173360 /* SUP101PersonalizationParametersMetaData.m in Sources */,
				B329249A15784BA100173360 /* SUP101Sales_orderMetaData.m in Sources */,
				B329249B15784BA100173360 /* SUP101SISSubscriptionKeyMetaData.m in Sources */,
				B329249C15784BA100173360 /* SUP101SISSubscriptionMetaData.m in Sources */,
				B329249D15784BA100173360 /* SUP101SUP101DBMetaData.m in Sources */,
				B329249E15784BA100173360 /* SUP101ChangeLogImpl.m in Sources */,
				B329249F15784BA100173360 /* SUP101ChangeLogKey.m in Sources */,
				B32924A015784BA100173360 /* SUP101Customer.m in Sources */,
				B32924A115784BA100173360 /* SUP101KeyGenerator.m in Sources */,
				B32924A215784BA100173360 /* SUP101KeyGeneratorPK.m in Sources */,
				B32924A315784BA100173360 /* SUP101KeyPackageName.m in Sources */,
				B32924A415784BA100173360 /* SUP101LocalKeyGenerator.m in Sources */,
				B32924A515784BA100173360 /* SUP101LocalKeyGeneratorPK.m in Sources */,
				B32924A615784BA100173360 /* SUP101LoggerImpl.m in Sources */,
				B32924A715784BA100173360 /* SUP101LogRecordImpl.m in Sources */,
				B32924A815784BA100173360 /* SUP101OfflineAuthentication.m in Sources */,
				B32924A915784BA100173360 /* SUP101OperationReplay.m in Sources */,
				B32924AA15784BA100173360 /* SUP101PackageProperties.m in Sources */,
				B32924AB15784BA100173360 /* SUP101PersonalizationParameters.m in Sources */,
				B32924AC15784BA100173360 /* SUP101Sales_order.m in Sources */,
				B32924AD15784BA100173360 /* SUP101SISSubscription.m in Sources */,
				B32924AE15784BA100173360 /* SUP101SISSubscriptionKey.m in Sources */,
				B32924AF15784BA100173360 /* SUP101SUP101DB.m in Sources */,
				B32924C015784DC900173360 /* CallbackHandler.m in Sources */,
				B32924C315784E6900173360 /* CustomerListController.m in Sources */,
				B32924C915784E9F00173360 /* SubscribeController.m in Sources */,
				B32924D015784F0200173360 /* DetailController.m in Sources */,
				B32924D415784F2800173360 /* MenuListController.m in Sources */,
				B32924D81578504400173360 /* SUP101AppDelegate.m in Sources */,
			);
			runOnlyForDeploymentPostprocessing = 0;
		};
/* End PBXSourcesBuildPhase section */

/* Begin PBXVariantGroup section */
		7F76CCF9134D1CEC00E922DF /* InfoPlist.strings */ = {
			isa = PBXVariantGroup;
			children = (
				7F76CCFA134D1CEC00E922DF /* en */,
			);
			name = InfoPlist.strings;
			sourceTree = "<group>";
		};
		B343414415794A440088477E /* MainWindow_iPhone.xib */ = {
			isa = PBXVariantGroup;
			children = (
				B343414515794A440088477E /* en */,
			);
			name = MainWindow_iPhone.xib;
			sourceTree = "<group>";
		};
		B343414715794A530088477E /* MainWindow_iPad.xib */ = {
			isa = PBXVariantGroup;
			children = (
				B343414815794A530088477E /* en */,
			);
			name = MainWindow_iPad.xib;
			sourceTree = "<group>";
		};
/* End PBXVariantGroup section */

/* Begin XCBuildConfiguration section */
		7F76CD10134D1CED00E922DF /* Debug */ = {
			isa = XCBuildConfiguration;
			buildSettings = {
				ARCHS = "$(ARCHS_STANDARD_32_BIT)";
				"CODE_SIGN_IDENTITY[sdk=iphoneos*]" = "iPhone Developer";
				GCC_C_LANGUAGE_STANDARD = gnu99;
				GCC_OPTIMIZATION_LEVEL = 0;
				GCC_PREPROCESSOR_DEFINITIONS = DEBUG;
				GCC_SYMBOLS_PRIVATE_EXTERN = NO;
				GCC_VERSION = com.apple.compilers.llvmgcc42;
				GCC_WARN_ABOUT_RETURN_TYPE = YES;
				GCC_WARN_UNUSED_VARIABLE = YES;
				HEADER_SEARCH_PATHS = "";
				IPHONEOS_DEPLOYMENT_TARGET = 4.3;
				SDKROOT = iphoneos;
				TARGETED_DEVICE_FAMILY = "1,2";
			};
			name = Debug;
		};
		7F76CD11134D1CED00E922DF /* Release */ = {
			isa = XCBuildConfiguration;
			buildSettings = {
				ARCHS = "$(ARCHS_STANDARD_32_BIT)";
				"CODE_SIGN_IDENTITY[sdk=iphoneos*]" = "iPhone Developer";
				GCC_C_LANGUAGE_STANDARD = gnu99;
				GCC_VERSION = com.apple.compilers.llvmgcc42;
				GCC_WARN_ABOUT_RETURN_TYPE = YES;
				GCC_WARN_UNUSED_VARIABLE = YES;
				HEADER_SEARCH_PATHS = "";
				IPHONEOS_DEPLOYMENT_TARGET = 4.3;
				OTHER_CFLAGS = "-DNS_BLOCK_ASSERTIONS=1";
				SDKROOT = iphoneos;
				TARGETED_DEVICE_FAMILY = "1,2";
			};
			name = Release;
		};
		7F76CD13134D1CED00E922DF /* Debug */ = {
			isa = XCBuildConfiguration;
			buildSettings = {
				ALWAYS_SEARCH_USER_PATHS = NO;
				"CODE_SIGN_IDENTITY[sdk=iphoneos*]" = "";
				COPY_PHASE_STRIP = NO;
				GCC_DYNAMIC_NO_PIC = NO;
				GCC_PRECOMPILE_PREFIX_HEADER = YES;
				GCC_PREFIX_HEADER = "SUP101/SUP101-Prefix.pch";
				GCC_VERSION = "";
				HEADER_SEARCH_PATHS = "iOS/RBS/includes/**";
				INFOPLIST_FILE = "SUP101/SUP101-Info.plist";
				IPHONEOS_DEPLOYMENT_TARGET = 5.0;
				LIBRARY_SEARCH_PATHS = "\"iOS/RBS/Libraries/$(CONFIGURATION)$(EFFECTIVE_PLATFORM_NAME)\"";
				OTHER_CFLAGS = "";
				PRODUCT_NAME = "$(TARGET_NAME)";
				TARGETED_DEVICE_FAMILY = "1,2";
				VALID_ARCHS = armv7;
				WRAPPER_EXTENSION = app;
			};
			name = Debug;
		};
		7F76CD14134D1CED00E922DF /* Release */ = {
			isa = XCBuildConfiguration;
			buildSettings = {
				ALWAYS_SEARCH_USER_PATHS = NO;
				"CODE_SIGN_IDENTITY[sdk=iphoneos*]" = "";
				COPY_PHASE_STRIP = YES;
				GCC_PRECOMPILE_PREFIX_HEADER = YES;
				GCC_PREFIX_HEADER = "SUP101/SUP101-Prefix.pch";
				GCC_VERSION = "";
				HEADER_SEARCH_PATHS = "iOS/RBS/includes/**";
				INFOPLIST_FILE = "SUP101/SUP101-Info.plist";
				IPHONEOS_DEPLOYMENT_TARGET = 5.0;
				LIBRARY_SEARCH_PATHS = "\"iOS/RBS/Libraries/$(CONFIGURATION)$(EFFECTIVE_PLATFORM_NAME)\"";
				PRODUCT_NAME = "$(TARGET_NAME)";
				TARGETED_DEVICE_FAMILY = "1,2";
				VALIDATE_PRODUCT = YES;
				VALID_ARCHS = armv7;
				WRAPPER_EXTENSION = app;
			};
			name = Release;
		};
/* End XCBuildConfiguration section */

/* Begin XCConfigurationList section */
		7F76CCE6134D1CEC00E922DF /* Build configuration list for PBXProject "SUP101" */ = {
			isa = XCConfigurationList;
			buildConfigurations = (
				7F76CD10134D1CED00E922DF /* Debug */,
				7F76CD11134D1CED00E922DF /* Release */,
			);
			defaultConfigurationIsVisible = 0;
			defaultConfigurationName = Release;
		};
		7F76CD12134D1CED00E922DF /* Build configuration list for PBXNativeTarget "SUP101" */ = {
			isa = XCConfigurationList;
			buildConfigurations = (
				7F76CD13134D1CED00E922DF /* Debug */,
				7F76CD14134D1CED00E922DF /* Release */,
			);
			defaultConfigurationIsVisible = 0;
			defaultConfigurationName = Release;
		};
/* End XCConfigurationList section */
	};
	rootObject = 7F76CCE3134D1CEC00E922DF /* Project object */;
}
